
Microsoft Visual Studio Solution File, Format Version 12.00
# Visual Studio 14
VisualStudioVersion = 14.0.25420.1
MinimumVisualStudioVersion = 10.0.40219.1
Project("{FAE04EC0-301F-11D3-BF4B-00C04F79EFBC}") = "LabelFileGenerator", "LabelFileGenerator\LabelFileGenerator.csproj", "{3209EB8B-4DF9-4917-8E48-408014C8EA9C}"
EndProject
Global
	GlobalSection(SolutionConfigurationPlatforms) = preSolution
		Debug|Any CPU = Debug|Any CPU
		Release|Any CPU = Release|Any CPU
	EndGlobalSection
	GlobalSection(ProjectConfigurationPlatforms) = postSolution
		{3209EB8B-4DF9-4917-8E48-408014C8EA9C}.Debug|Any CPU.ActiveCfg = Debug|Any CPU
		{3209EB8B-4DF9-4917-8E48-408014C8EA9C}.Debug|Any CPU.Build.0 = Debug|Any CPU
		{3209EB8B-4DF9-4917-8E48-408014C8EA9C}.Release|Any CPU.ActiveCfg = Release|Any CPU
		{3209EB8B-4DF9-4917-8E48-408014C8EA9C}.Release|Any CPU.Build.0 = Release|Any CPU
	EndGlobalSection
	GlobalSection(SolutionProperties) = preSolution
		HideSolutionNode = FALSE
	EndGlobalSection
EndGlobal
