
Microsoft Visual Studio Solution File, Format Version 12.00
# Visual Studio 14
VisualStudioVersion = 14.0.25420.1
MinimumVisualStudioVersion = 10.0.40219.1
Project("{FAE04EC0-301F-11D3-BF4B-00C04F79EFBC}") = "LabelFileGenerator", "LabelFileGenerator\LabelFileGenerator.csproj", "{43287094-B277-4A85-A91C-E30C7B4F3375}"
EndProject
Global
	GlobalSection(SolutionConfigurationPlatforms) = preSolution
		Debug|Any CPU = Debug|Any CPU
		Release|Any CPU = Release|Any CPU
	EndGlobalSection
	GlobalSection(ProjectConfigurationPlatforms) = postSolution
		{43287094-B277-4A85-A91C-E30C7B4F3375}.Debug|Any CPU.ActiveCfg = Debug|Any CPU
		{43287094-B277-4A85-A91C-E30C7B4F3375}.Debug|Any CPU.Build.0 = Debug|Any CPU
		{43287094-B277-4A85-A91C-E30C7B4F3375}.Release|Any CPU.ActiveCfg = Release|Any CPU
		{43287094-B277-4A85-A91C-E30C7B4F3375}.Release|Any CPU.Build.0 = Release|Any CPU
	EndGlobalSection
	GlobalSection(SolutionProperties) = preSolution
		HideSolutionNode = FALSE
	EndGlobalSection
EndGlobal
